
Microsoft Visual Studio Solution File, Format Version 12.00
# Visual Studio Version 17
VisualStudioVersion = 17.5.33627.172
MinimumVisualStudioVersion = 10.0.40219.1
Project("{FAE04EC0-301F-11D3-BF4B-00C04F79EFBC}") = "ControleDeContatos", "ControleDeContatos\ControleDeContatos.csproj", "{8D5C0A18-9FB8-4D9F-AB39-0BF8042B35CC}"
EndProject
Global
	GlobalSection(SolutionConfigurationPlatforms) = preSolution
		Debug|Any CPU = Debug|Any CPU
		Release|Any CPU = Release|Any CPU
	EndGlobalSection
	GlobalSection(ProjectConfigurationPlatforms) = postSolution
		{8D5C0A18-9FB8-4D9F-AB39-0BF8042B35CC}.Debug|Any CPU.ActiveCfg = Debug|Any CPU
		{8D5C0A18-9FB8-4D9F-AB39-0BF8042B35CC}.Debug|Any CPU.Build.0 = Debug|Any CPU
		{8D5C0A18-9FB8-4D9F-AB39-0BF8042B35CC}.Release|Any CPU.ActiveCfg = Release|Any CPU
		{8D5C0A18-9FB8-4D9F-AB39-0BF8042B35CC}.Release|Any CPU.Build.0 = Release|Any CPU
	EndGlobalSection
	GlobalSection(SolutionProperties) = preSolution
		HideSolutionNode = FALSE
	EndGlobalSection
	GlobalSection(ExtensibilityGlobals) = postSolution
		SolutionGuid = {CBDCCBE2-1AD2-4807-BEAD-764CF64E3850}
	EndGlobalSection
EndGlobal
